// !$*UTF8*$!
{
	archiveVersion = 1;
	classes = {
	};
	objectVersion = 46;
	objects = {

/* Begin PBXBuildFile section */
		F70107651D0AA85300C97693 /* Logon.swift in Sources */ = {isa = PBXBuildFile; fileRef = F70107641D0AA85300C97693 /* Logon.swift */; settings = {ASSET_TAGS = (); }; };
		F7036A8D1D48813C00A8672A /* AppDelegateTest.swift in Sources */ = {isa = PBXBuildFile; fileRef = F7036A8C1D48813C00A8672A /* AppDelegateTest.swift */; settings = {ASSET_TAGS = (); }; };
		F715EB531D4757FA008C3D31 /* Report.swift in Sources */ = {isa = PBXBuildFile; fileRef = F715EB521D4757FA008C3D31 /* Report.swift */; settings = {ASSET_TAGS = (); }; };
		F715EB551D4761FE008C3D31 /* DeviceReport.swift in Sources */ = {isa = PBXBuildFile; fileRef = F715EB541D4761FE008C3D31 /* DeviceReport.swift */; settings = {ASSET_TAGS = (); }; };
		F715EB571D476B0B008C3D31 /* ReportTest.swift in Sources */ = {isa = PBXBuildFile; fileRef = F715EB561D476B0B008C3D31 /* ReportTest.swift */; settings = {ASSET_TAGS = (); }; };
		F728FD221D017D0B00F29DA6 /* Info.plist in Resources */ = {isa = PBXBuildFile; fileRef = F752E0F31CF4723C00318084 /* Info.plist */; settings = {ASSET_TAGS = (); }; };
		F728FD251D01800900F29DA6 /* Main.storyboard in Resources */ = {isa = PBXBuildFile; fileRef = F728FD231D01800900F29DA6 /* Main.storyboard */; settings = {ASSET_TAGS = (); }; };
		F73910BD1D09B3CC00FB319D /* NetworkController.swift in Sources */ = {isa = PBXBuildFile; fileRef = F73910BC1D09B3CC00FB319D /* NetworkController.swift */; settings = {ASSET_TAGS = (); }; };
		F73910BF1D09B3E200FB319D /* ProtocolNetworkController.swift in Sources */ = {isa = PBXBuildFile; fileRef = F73910BE1D09B3E200FB319D /* ProtocolNetworkController.swift */; settings = {ASSET_TAGS = (); }; };
		F73910C11D0AB1FF00FB319D /* CoreLocation.framework in Frameworks */ = {isa = PBXBuildFile; fileRef = F73910C01D0AB1FF00FB319D /* CoreLocation.framework */; };
		F752E0E81CF4723C00318084 /* AppDelegate.swift in Sources */ = {isa = PBXBuildFile; fileRef = F752E0E71CF4723C00318084 /* AppDelegate.swift */; };
		F752E0EF1CF4723C00318084 /* Assets.xcassets in Resources */ = {isa = PBXBuildFile; fileRef = F752E0EE1CF4723C00318084 /* Assets.xcassets */; };
		F752E0F21CF4723C00318084 /* LaunchScreen.storyboard in Resources */ = {isa = PBXBuildFile; fileRef = F752E0F01CF4723C00318084 /* LaunchScreen.storyboard */; };
		F752E1081CF4723D00318084 /* InventoryManagementUITests.swift in Sources */ = {isa = PBXBuildFile; fileRef = F752E1071CF4723D00318084 /* InventoryManagementUITests.swift */; };
		F7BCFB771CFD9BE200CC1318 /* logo.png in Resources */ = {isa = PBXBuildFile; fileRef = F7BCFB761CFD9BE200CC1318 /* logo.png */; settings = {ASSET_TAGS = (); }; };
		F7BCFB7B1CFDB08700CC1318 /* LoginViewController.swift in Sources */ = {isa = PBXBuildFile; fileRef = F7BCFB7A1CFDB08700CC1318 /* LoginViewController.swift */; settings = {ASSET_TAGS = (); }; };
		F7C4A3421D18153F004F985E /* HomeViewController.swift in Sources */ = {isa = PBXBuildFile; fileRef = F7C4A3411D18153F004F985E /* HomeViewController.swift */; settings = {ASSET_TAGS = (); }; };
		F7E6DFBC1D2557C00015B14F /* HomeViewControllerTest.swift in Sources */ = {isa = PBXBuildFile; fileRef = F7E6DFBB1D2557C00015B14F /* HomeViewControllerTest.swift */; settings = {ASSET_TAGS = (); }; };
		F7E801641D2103B7005A3BE7 /* LogonTest.swift in Sources */ = {isa = PBXBuildFile; fileRef = F7E801611D20F547005A3BE7 /* LogonTest.swift */; settings = {ASSET_TAGS = (); }; };
		F7E801661D213C12005A3BE7 /* MockLogon.swift in Sources */ = {isa = PBXBuildFile; fileRef = F7E801651D213C12005A3BE7 /* MockLogon.swift */; settings = {ASSET_TAGS = (); }; };
		F7E801681D214C89005A3BE7 /* LoginViewControllerTest.swift in Sources */ = {isa = PBXBuildFile; fileRef = F7E801671D214C89005A3BE7 /* LoginViewControllerTest.swift */; settings = {ASSET_TAGS = (); }; };
		F7E8016D1D215770005A3BE7 /* Main.storyboard in Resources */ = {isa = PBXBuildFile; fileRef = F728FD231D01800900F29DA6 /* Main.storyboard */; settings = {ASSET_TAGS = (); }; };
/* End PBXBuildFile section */

/* Begin PBXContainerItemProxy section */
		F752E0F91CF4723D00318084 /* PBXContainerItemProxy */ = {
			isa = PBXContainerItemProxy;
			containerPortal = F752E0DC1CF4723A00318084 /* Project object */;
			proxyType = 1;
			remoteGlobalIDString = F752E0E31CF4723B00318084;
			remoteInfo = InventoryManagement;
		};
		F752E1041CF4723D00318084 /* PBXContainerItemProxy */ = {
			isa = PBXContainerItemProxy;
			containerPortal = F752E0DC1CF4723A00318084 /* Project object */;
			proxyType = 1;
			remoteGlobalIDString = F752E0E31CF4723B00318084;
			remoteInfo = InventoryManagement;
		};
/* End PBXContainerItemProxy section */

/* Begin PBXFileReference section */
		F70107641D0AA85300C97693 /* Logon.swift */ = {isa = PBXFileReference; fileEncoding = 4; lastKnownFileType = sourcecode.swift; path = Logon.swift; sourceTree = "<group>"; };
		F7036A8C1D48813C00A8672A /* AppDelegateTest.swift */ = {isa = PBXFileReference; fileEncoding = 4; lastKnownFileType = sourcecode.swift; path = AppDelegateTest.swift; sourceTree = "<group>"; };
		F715EB521D4757FA008C3D31 /* Report.swift */ = {isa = PBXFileReference; fileEncoding = 4; lastKnownFileType = sourcecode.swift; path = Report.swift; sourceTree = "<group>"; };
		F715EB541D4761FE008C3D31 /* DeviceReport.swift */ = {isa = PBXFileReference; fileEncoding = 4; lastKnownFileType = sourcecode.swift; path = DeviceReport.swift; sourceTree = "<group>"; };
		F715EB561D476B0B008C3D31 /* ReportTest.swift */ = {isa = PBXFileReference; fileEncoding = 4; lastKnownFileType = sourcecode.swift; path = ReportTest.swift; sourceTree = "<group>"; };
		F728FD241D01800900F29DA6 /* Base */ = {isa = PBXFileReference; lastKnownFileType = file.storyboard; name = Base; path = Base.lproj/Main.storyboard; sourceTree = "<group>"; };
		F73910BC1D09B3CC00FB319D /* NetworkController.swift */ = {isa = PBXFileReference; fileEncoding = 4; lastKnownFileType = sourcecode.swift; path = NetworkController.swift; sourceTree = "<group>"; };
		F73910BE1D09B3E200FB319D /* ProtocolNetworkController.swift */ = {isa = PBXFileReference; fileEncoding = 4; lastKnownFileType = sourcecode.swift; path = ProtocolNetworkController.swift; sourceTree = "<group>"; };
		F73910C01D0AB1FF00FB319D /* CoreLocation.framework */ = {isa = PBXFileReference; lastKnownFileType = wrapper.framework; name = CoreLocation.framework; path = System/Library/Frameworks/CoreLocation.framework; sourceTree = SDKROOT; };
		F752E0E41CF4723B00318084 /* InventoryManagement.app */ = {isa = PBXFileReference; explicitFileType = wrapper.application; includeInIndex = 0; path = InventoryManagement.app; sourceTree = BUILT_PRODUCTS_DIR; };
		F752E0E71CF4723C00318084 /* AppDelegate.swift */ = {isa = PBXFileReference; lastKnownFileType = sourcecode.swift; path = AppDelegate.swift; sourceTree = "<group>"; };
		F752E0EE1CF4723C00318084 /* Assets.xcassets */ = {isa = PBXFileReference; lastKnownFileType = folder.assetcatalog; path = Assets.xcassets; sourceTree = "<group>"; };
		F752E0F11CF4723C00318084 /* Base */ = {isa = PBXFileReference; lastKnownFileType = file.storyboard; name = Base; path = Base.lproj/LaunchScreen.storyboard; sourceTree = "<group>"; };
		F752E0F31CF4723C00318084 /* Info.plist */ = {isa = PBXFileReference; lastKnownFileType = text.plist.xml; path = Info.plist; sourceTree = "<group>"; };
		F752E0F81CF4723D00318084 /* InventoryManagementTests.xctest */ = {isa = PBXFileReference; explicitFileType = wrapper.cfbundle; includeInIndex = 0; path = InventoryManagementTests.xctest; sourceTree = BUILT_PRODUCTS_DIR; };
		F752E0FE1CF4723D00318084 /* Info.plist */ = {isa = PBXFileReference; lastKnownFileType = text.plist.xml; path = Info.plist; sourceTree = "<group>"; };
		F752E1031CF4723D00318084 /* InventoryManagementUITests.xctest */ = {isa = PBXFileReference; explicitFileType = wrapper.cfbundle; includeInIndex = 0; path = InventoryManagementUITests.xctest; sourceTree = BUILT_PRODUCTS_DIR; };
		F752E1071CF4723D00318084 /* InventoryManagementUITests.swift */ = {isa = PBXFileReference; lastKnownFileType = sourcecode.swift; path = InventoryManagementUITests.swift; sourceTree = "<group>"; };
		F752E1091CF4723D00318084 /* Info.plist */ = {isa = PBXFileReference; lastKnownFileType = text.plist.xml; path = Info.plist; sourceTree = "<group>"; };
		F7BCFB761CFD9BE200CC1318 /* logo.png */ = {isa = PBXFileReference; lastKnownFileType = image.png; name = logo.png; path = Resources/logo.png; sourceTree = "<group>"; };
		F7BCFB7A1CFDB08700CC1318 /* LoginViewController.swift */ = {isa = PBXFileReference; fileEncoding = 4; lastKnownFileType = sourcecode.swift; path = LoginViewController.swift; sourceTree = "<group>"; };
		F7C4A3411D18153F004F985E /* HomeViewController.swift */ = {isa = PBXFileReference; fileEncoding = 4; lastKnownFileType = sourcecode.swift; path = HomeViewController.swift; sourceTree = "<group>"; };
		F7E6DFBB1D2557C00015B14F /* HomeViewControllerTest.swift */ = {isa = PBXFileReference; fileEncoding = 4; lastKnownFileType = sourcecode.swift; path = HomeViewControllerTest.swift; sourceTree = "<group>"; };
		F7E801611D20F547005A3BE7 /* LogonTest.swift */ = {isa = PBXFileReference; fileEncoding = 4; lastKnownFileType = sourcecode.swift; path = LogonTest.swift; sourceTree = "<group>"; };
		F7E801651D213C12005A3BE7 /* MockLogon.swift */ = {isa = PBXFileReference; fileEncoding = 4; lastKnownFileType = sourcecode.swift; path = MockLogon.swift; sourceTree = "<group>"; };
		F7E801671D214C89005A3BE7 /* LoginViewControllerTest.swift */ = {isa = PBXFileReference; fileEncoding = 4; lastKnownFileType = sourcecode.swift; path = LoginViewControllerTest.swift; sourceTree = "<group>"; };
/* End PBXFileReference section */

/* Begin PBXFrameworksBuildPhase section */
		F752E0E11CF4723B00318084 /* Frameworks */ = {
			isa = PBXFrameworksBuildPhase;
			buildActionMask = 2147483647;
			files = (
				F73910C11D0AB1FF00FB319D /* CoreLocation.framework in Frameworks */,
			);
			runOnlyForDeploymentPostprocessing = 0;
		};
		F752E0F51CF4723D00318084 /* Frameworks */ = {
			isa = PBXFrameworksBuildPhase;
			buildActionMask = 2147483647;
			files = (
			);
			runOnlyForDeploymentPostprocessing = 0;
		};
		F752E1001CF4723D00318084 /* Frameworks */ = {
			isa = PBXFrameworksBuildPhase;
			buildActionMask = 2147483647;
			files = (
			);
			runOnlyForDeploymentPostprocessing = 0;
		};
/* End PBXFrameworksBuildPhase section */

/* Begin PBXGroup section */
		F70107631D0AA80900C97693 /* JSONParser */ = {
			isa = PBXGroup;
			children = (
				F70107641D0AA85300C97693 /* Logon.swift */,
				F715EB521D4757FA008C3D31 /* Report.swift */,
				F715EB541D4761FE008C3D31 /* DeviceReport.swift */,
			);
			name = JSONParser;
			sourceTree = "<group>";
		};
		F73910B91D09518400FB319D /* Networking */ = {
			isa = PBXGroup;
			children = (
				F73910BC1D09B3CC00FB319D /* NetworkController.swift */,
				F73910BE1D09B3E200FB319D /* ProtocolNetworkController.swift */,
			);
			name = Networking;
			sourceTree = "<group>";
		};
		F752E0DB1CF4723A00318084 = {
			isa = PBXGroup;
			children = (
				F73910C01D0AB1FF00FB319D /* CoreLocation.framework */,
				F752E0E61CF4723C00318084 /* InventoryManagement */,
				F752E0FB1CF4723D00318084 /* InventoryManagementTests */,
				F752E1061CF4723D00318084 /* InventoryManagementUITests */,
				F752E0E51CF4723B00318084 /* Products */,
			);
			sourceTree = "<group>";
		};
		F752E0E51CF4723B00318084 /* Products */ = {
			isa = PBXGroup;
			children = (
				F752E0E41CF4723B00318084 /* InventoryManagement.app */,
				F752E0F81CF4723D00318084 /* InventoryManagementTests.xctest */,
				F752E1031CF4723D00318084 /* InventoryManagementUITests.xctest */,
			);
			name = Products;
			sourceTree = "<group>";
		};
		F752E0E61CF4723C00318084 /* InventoryManagement */ = {
			isa = PBXGroup;
			children = (
				F70107631D0AA80900C97693 /* JSONParser */,
				F73910B91D09518400FB319D /* Networking */,
				F728FD231D01800900F29DA6 /* Main.storyboard */,
				F7BCFB751CFD9BA200CC1318 /* Resources */,
				F752E0E71CF4723C00318084 /* AppDelegate.swift */,
				F752E0EE1CF4723C00318084 /* Assets.xcassets */,
				F752E0F01CF4723C00318084 /* LaunchScreen.storyboard */,
				F752E0F31CF4723C00318084 /* Info.plist */,
				F7BCFB7A1CFDB08700CC1318 /* LoginViewController.swift */,
				F7C4A3411D18153F004F985E /* HomeViewController.swift */,
			);
			path = InventoryManagement;
			sourceTree = "<group>";
		};
		F752E0FB1CF4723D00318084 /* InventoryManagementTests */ = {
			isa = PBXGroup;
			children = (
				F7E801631D20F6C0005A3BE7 /* JSONParser */,
				F752E0FE1CF4723D00318084 /* Info.plist */,
				F7E801671D214C89005A3BE7 /* LoginViewControllerTest.swift */,
				F7E6DFBB1D2557C00015B14F /* HomeViewControllerTest.swift */,
				F7036A8C1D48813C00A8672A /* AppDelegateTest.swift */,
			);
			path = InventoryManagementTests;
			sourceTree = "<group>";
		};
		F752E1061CF4723D00318084 /* InventoryManagementUITests */ = {
			isa = PBXGroup;
			children = (
				F752E1071CF4723D00318084 /* InventoryManagementUITests.swift */,
				F752E1091CF4723D00318084 /* Info.plist */,
			);
			path = InventoryManagementUITests;
			sourceTree = "<group>";
		};
		F7BCFB751CFD9BA200CC1318 /* Resources */ = {
			isa = PBXGroup;
			children = (
				F7BCFB761CFD9BE200CC1318 /* logo.png */,
			);
			name = Resources;
			sourceTree = "<group>";
		};
		F7E801631D20F6C0005A3BE7 /* JSONParser */ = {
			isa = PBXGroup;
			children = (
				F7E801611D20F547005A3BE7 /* LogonTest.swift */,
				F7E801651D213C12005A3BE7 /* MockLogon.swift */,
				F715EB561D476B0B008C3D31 /* ReportTest.swift */,
			);
			name = JSONParser;
			sourceTree = "<group>";
		};
/* End PBXGroup section */

/* Begin PBXNativeTarget section */
		F752E0E31CF4723B00318084 /* InventoryManagement */ = {
			isa = PBXNativeTarget;
			buildConfigurationList = F752E10C1CF4723D00318084 /* Build configuration list for PBXNativeTarget "InventoryManagement" */;
			buildPhases = (
				F752E0E01CF4723B00318084 /* Sources */,
				F752E0E11CF4723B00318084 /* Frameworks */,
				F752E0E21CF4723B00318084 /* Resources */,
			);
			buildRules = (
			);
			dependencies = (
			);
			name = InventoryManagement;
			productName = InventoryManagement;
			productReference = F752E0E41CF4723B00318084 /* InventoryManagement.app */;
			productType = "com.apple.product-type.application";
		};
		F752E0F71CF4723D00318084 /* InventoryManagementTests */ = {
			isa = PBXNativeTarget;
			buildConfigurationList = F752E10F1CF4723D00318084 /* Build configuration list for PBXNativeTarget "InventoryManagementTests" */;
			buildPhases = (
				F752E0F41CF4723D00318084 /* Sources */,
				F752E0F51CF4723D00318084 /* Frameworks */,
				F752E0F61CF4723D00318084 /* Resources */,
			);
			buildRules = (
			);
			dependencies = (
				F752E0FA1CF4723D00318084 /* PBXTargetDependency */,
			);
			name = InventoryManagementTests;
			productName = InventoryManagementTests;
			productReference = F752E0F81CF4723D00318084 /* InventoryManagementTests.xctest */;
			productType = "com.apple.product-type.bundle.unit-test";
		};
		F752E1021CF4723D00318084 /* InventoryManagementUITests */ = {
			isa = PBXNativeTarget;
			buildConfigurationList = F752E1121CF4723D00318084 /* Build configuration list for PBXNativeTarget "InventoryManagementUITests" */;
			buildPhases = (
				F752E0FF1CF4723D00318084 /* Sources */,
				F752E1001CF4723D00318084 /* Frameworks */,
				F752E1011CF4723D00318084 /* Resources */,
			);
			buildRules = (
			);
			dependencies = (
				F752E1051CF4723D00318084 /* PBXTargetDependency */,
			);
			name = InventoryManagementUITests;
			productName = InventoryManagementUITests;
			productReference = F752E1031CF4723D00318084 /* InventoryManagementUITests.xctest */;
			productType = "com.apple.product-type.bundle.ui-testing";
		};
/* End PBXNativeTarget section */

/* Begin PBXProject section */
		F752E0DC1CF4723A00318084 /* Project object */ = {
			isa = PBXProject;
			attributes = {
				LastSwiftUpdateCheck = 0700;
				LastUpgradeCheck = 0700;
				ORGANIZATIONNAME = Impetus;
				TargetAttributes = {
					F752E0E31CF4723B00318084 = {
						CreatedOnToolsVersion = 7.0.1;
						DevelopmentTeam = Z8WU3JB343;
						SystemCapabilities = {
							com.apple.BackgroundModes = {
								enabled = 1;
							};
							com.apple.Push = {
								enabled = 1;
							};
						};
					};
					F752E0F71CF4723D00318084 = {
						CreatedOnToolsVersion = 7.0.1;
						TestTargetID = F752E0E31CF4723B00318084;
					};
					F752E1021CF4723D00318084 = {
						CreatedOnToolsVersion = 7.0.1;
						TestTargetID = F752E0E31CF4723B00318084;
					};
				};
			};
			buildConfigurationList = F752E0DF1CF4723A00318084 /* Build configuration list for PBXProject "InventoryManagement" */;
			compatibilityVersion = "Xcode 3.2";
			developmentRegion = English;
			hasScannedForEncodings = 0;
			knownRegions = (
				en,
				Base,
			);
			mainGroup = F752E0DB1CF4723A00318084;
			productRefGroup = F752E0E51CF4723B00318084 /* Products */;
			projectDirPath = "";
			projectRoot = "";
			targets = (
				F752E0E31CF4723B00318084 /* InventoryManagement */,
				F752E0F71CF4723D00318084 /* InventoryManagementTests */,
				F752E1021CF4723D00318084 /* InventoryManagementUITests */,
			);
		};
/* End PBXProject section */

/* Begin PBXResourcesBuildPhase section */
		F752E0E21CF4723B00318084 /* Resources */ = {
			isa = PBXResourcesBuildPhase;
			buildActionMask = 2147483647;
			files = (
				F7BCFB771CFD9BE200CC1318 /* logo.png in Resources */,
				F728FD221D017D0B00F29DA6 /* Info.plist in Resources */,
				F728FD251D01800900F29DA6 /* Main.storyboard in Resources */,
				F752E0F21CF4723C00318084 /* LaunchScreen.storyboard in Resources */,
				F752E0EF1CF4723C00318084 /* Assets.xcassets in Resources */,
			);
			runOnlyForDeploymentPostprocessing = 0;
		};
		F752E0F61CF4723D00318084 /* Resources */ = {
			isa = PBXResourcesBuildPhase;
			buildActionMask = 2147483647;
			files = (
				F7E8016D1D215770005A3BE7 /* Main.storyboard in Resources */,
			);
			runOnlyForDeploymentPostprocessing = 0;
		};
		F752E1011CF4723D00318084 /* Resources */ = {
			isa = PBXResourcesBuildPhase;
			buildActionMask = 2147483647;
			files = (
			);
			runOnlyForDeploymentPostprocessing = 0;
		};
/* End PBXResourcesBuildPhase section */

/* Begin PBXSourcesBuildPhase section */
		F752E0E01CF4723B00318084 /* Sources */ = {
			isa = PBXSourcesBuildPhase;
			buildActionMask = 2147483647;
			files = (
				F73910BD1D09B3CC00FB319D /* NetworkController.swift in Sources */,
				F715EB551D4761FE008C3D31 /* DeviceReport.swift in Sources */,
				F70107651D0AA85300C97693 /* Logon.swift in Sources */,
				F715EB531D4757FA008C3D31 /* Report.swift in Sources */,
				F7BCFB7B1CFDB08700CC1318 /* LoginViewController.swift in Sources */,
				F73910BF1D09B3E200FB319D /* ProtocolNetworkController.swift in Sources */,
				F7C4A3421D18153F004F985E /* HomeViewController.swift in Sources */,
				F752E0E81CF4723C00318084 /* AppDelegate.swift in Sources */,
			);
			runOnlyForDeploymentPostprocessing = 0;
		};
		F752E0F41CF4723D00318084 /* Sources */ = {
			isa = PBXSourcesBuildPhase;
			buildActionMask = 2147483647;
			files = (
				F7E801641D2103B7005A3BE7 /* LogonTest.swift in Sources */,
				F7E801681D214C89005A3BE7 /* LoginViewControllerTest.swift in Sources */,
				F7036A8D1D48813C00A8672A /* AppDelegateTest.swift in Sources */,
				F715EB571D476B0B008C3D31 /* ReportTest.swift in Sources */,
				F7E801661D213C12005A3BE7 /* MockLogon.swift in Sources */,
				F7E6DFBC1D2557C00015B14F /* HomeViewControllerTest.swift in Sources */,
			);
			runOnlyForDeploymentPostprocessing = 0;
		};
		F752E0FF1CF4723D00318084 /* Sources */ = {
			isa = PBXSourcesBuildPhase;
			buildActionMask = 2147483647;
			files = (
				F752E1081CF4723D00318084 /* InventoryManagementUITests.swift in Sources */,
			);
			runOnlyForDeploymentPostprocessing = 0;
		};
/* End PBXSourcesBuildPhase section */

/* Begin PBXTargetDependency section */
		F752E0FA1CF4723D00318084 /* PBXTargetDependency */ = {
			isa = PBXTargetDependency;
			target = F752E0E31CF4723B00318084 /* InventoryManagement */;
			targetProxy = F752E0F91CF4723D00318084 /* PBXContainerItemProxy */;
		};
		F752E1051CF4723D00318084 /* PBXTargetDependency */ = {
			isa = PBXTargetDependency;
			target = F752E0E31CF4723B00318084 /* InventoryManagement */;
			targetProxy = F752E1041CF4723D00318084 /* PBXContainerItemProxy */;
		};
/* End PBXTargetDependency section */

/* Begin PBXVariantGroup section */
		F728FD231D01800900F29DA6 /* Main.storyboard */ = {
			isa = PBXVariantGroup;
			children = (
				F728FD241D01800900F29DA6 /* Base */,
			);
			name = Main.storyboard;
			sourceTree = "<group>";
		};
		F752E0F01CF4723C00318084 /* LaunchScreen.storyboard */ = {
			isa = PBXVariantGroup;
			children = (
				F752E0F11CF4723C00318084 /* Base */,
			);
			name = LaunchScreen.storyboard;
			sourceTree = "<group>";
		};
/* End PBXVariantGroup section */

/* Begin XCBuildConfiguration section */
		F752E10A1CF4723D00318084 /* Debug */ = {
			isa = XCBuildConfiguration;
			buildSettings = {
				ALWAYS_SEARCH_USER_PATHS = NO;
				CLANG_CXX_LANGUAGE_STANDARD = "gnu++0x";
				CLANG_CXX_LIBRARY = "libc++";
				CLANG_ENABLE_MODULES = YES;
				CLANG_ENABLE_OBJC_ARC = YES;
				CLANG_WARN_BOOL_CONVERSION = YES;
				CLANG_WARN_CONSTANT_CONVERSION = YES;
				CLANG_WARN_DIRECT_OBJC_ISA_USAGE = YES_ERROR;
				CLANG_WARN_EMPTY_BODY = YES;
				CLANG_WARN_ENUM_CONVERSION = YES;
				CLANG_WARN_INT_CONVERSION = YES;
				CLANG_WARN_OBJC_ROOT_CLASS = YES_ERROR;
				CLANG_WARN_UNREACHABLE_CODE = YES;
				CLANG_WARN__DUPLICATE_METHOD_MATCH = YES;
				"CODE_SIGN_IDENTITY[sdk=iphoneos*]" = "iPhone Developer";
				COPY_PHASE_STRIP = NO;
				DEBUG_INFORMATION_FORMAT = dwarf;
				DEFINES_MODULE = NO;
				ENABLE_STRICT_OBJC_MSGSEND = YES;
				ENABLE_TESTABILITY = YES;
				GCC_C_LANGUAGE_STANDARD = gnu99;
				GCC_DYNAMIC_NO_PIC = NO;
				GCC_NO_COMMON_BLOCKS = YES;
				GCC_OPTIMIZATION_LEVEL = 0;
				GCC_PREPROCESSOR_DEFINITIONS = (
					"DEBUG=1",
					"$(inherited)",
				);
				GCC_WARN_64_TO_32_BIT_CONVERSION = YES;
				GCC_WARN_ABOUT_RETURN_TYPE = YES_ERROR;
				GCC_WARN_UNDECLARED_SELECTOR = YES;
				GCC_WARN_UNINITIALIZED_AUTOS = YES_AGGRESSIVE;
				GCC_WARN_UNUSED_FUNCTION = YES;
				GCC_WARN_UNUSED_VARIABLE = YES;
				IPHONEOS_DEPLOYMENT_TARGET = 9.0;
				MTL_ENABLE_DEBUG_INFO = YES;
				ONLY_ACTIVE_ARCH = YES;
				PROVISIONING_PROFILE = "e18dae19-a254-4cfb-b430-115cc7a7eda1";
				SDKROOT = iphoneos;
				SWIFT_OPTIMIZATION_LEVEL = "-Onone";
			};
			name = Debug;
		};
		F752E10B1CF4723D00318084 /* Release */ = {
			isa = XCBuildConfiguration;
			buildSettings = {
				ALWAYS_SEARCH_USER_PATHS = NO;
				CLANG_CXX_LANGUAGE_STANDARD = "gnu++0x";
				CLANG_CXX_LIBRARY = "libc++";
				CLANG_ENABLE_MODULES = YES;
				CLANG_ENABLE_OBJC_ARC = YES;
				CLANG_WARN_BOOL_CONVERSION = YES;
				CLANG_WARN_CONSTANT_CONVERSION = YES;
				CLANG_WARN_DIRECT_OBJC_ISA_USAGE = YES_ERROR;
				CLANG_WARN_EMPTY_BODY = YES;
				CLANG_WARN_ENUM_CONVERSION = YES;
				CLANG_WARN_INT_CONVERSION = YES;
				CLANG_WARN_OBJC_ROOT_CLASS = YES_ERROR;
				CLANG_WARN_UNREACHABLE_CODE = YES;
				CLANG_WARN__DUPLICATE_METHOD_MATCH = YES;
				"CODE_SIGN_IDENTITY[sdk=iphoneos*]" = "iPhone Developer";
				COPY_PHASE_STRIP = NO;
				DEBUG_INFORMATION_FORMAT = "dwarf-with-dsym";
				DEFINES_MODULE = NO;
				ENABLE_NS_ASSERTIONS = NO;
				ENABLE_STRICT_OBJC_MSGSEND = YES;
				GCC_C_LANGUAGE_STANDARD = gnu99;
				GCC_NO_COMMON_BLOCKS = YES;
				GCC_WARN_64_TO_32_BIT_CONVERSION = YES;
				GCC_WARN_ABOUT_RETURN_TYPE = YES_ERROR;
				GCC_WARN_UNDECLARED_SELECTOR = YES;
				GCC_WARN_UNINITIALIZED_AUTOS = YES_AGGRESSIVE;
				GCC_WARN_UNUSED_FUNCTION = YES;
				GCC_WARN_UNUSED_VARIABLE = YES;
				IPHONEOS_DEPLOYMENT_TARGET = 9.0;
				MTL_ENABLE_DEBUG_INFO = NO;
				SDKROOT = iphoneos;
				VALIDATE_PRODUCT = YES;
			};
			name = Release;
		};
		F752E10D1CF4723D00318084 /* Debug */ = {
			isa = XCBuildConfiguration;
			buildSettings = {
				ASSETCATALOG_COMPILER_APPICON_NAME = AppIcon;
				CODE_SIGN_IDENTITY = "iPhone Developer";
				"CODE_SIGN_IDENTITY[sdk=iphoneos*]" = "iPhone Developer: Nandini Jakhetia (24K8K28PB7)";
				DEFINES_MODULE = NO;
				INFOPLIST_FILE = InventoryManagement/Info.plist;
				IPHONEOS_DEPLOYMENT_TARGET = 8.0;
				LD_RUNPATH_SEARCH_PATHS = "$(inherited) @executable_path/Frameworks";
				PRODUCT_BUNDLE_IDENTIFIER = com.impetus.allservices;
				PRODUCT_NAME = "$(TARGET_NAME)";
				PROVISIONING_PROFILE = "e18dae19-a254-4cfb-b430-115cc7a7eda1";
				TARGETED_DEVICE_FAMILY = "1,2";
			};
			name = Debug;
		};
		F752E10E1CF4723D00318084 /* Release */ = {
			isa = XCBuildConfiguration;
			buildSettings = {
				ASSETCATALOG_COMPILER_APPICON_NAME = AppIcon;
				CODE_SIGN_IDENTITY = "iPhone Developer";
				"CODE_SIGN_IDENTITY[sdk=iphoneos*]" = "iPhone Developer";
				DEFINES_MODULE = NO;
				INFOPLIST_FILE = InventoryManagement/Info.plist;
				IPHONEOS_DEPLOYMENT_TARGET = 8.0;
				LD_RUNPATH_SEARCH_PATHS = "$(inherited) @executable_path/Frameworks";
				PRODUCT_BUNDLE_IDENTIFIER = com.impetus.allservices;
				PRODUCT_NAME = "$(TARGET_NAME)";
				PROVISIONING_PROFILE = "";
				TARGETED_DEVICE_FAMILY = "1,2";
			};
			name = Release;
		};
		F752E1101CF4723D00318084 /* Debug */ = {
			isa = XCBuildConfiguration;
			buildSettings = {
				BUNDLE_LOADER = "$(TEST_HOST)";
				DEFINES_MODULE = NO;
				GCC_GENERATE_TEST_COVERAGE_FILES = NO;
				INFOPLIST_FILE = InventoryManagementTests/Info.plist;
				LD_RUNPATH_SEARCH_PATHS = "$(inherited) @executable_path/Frameworks @loader_path/Frameworks";
				PRODUCT_BUNDLE_IDENTIFIER = com.impetus.transility.InventoryManagementTests;
				PRODUCT_NAME = "$(TARGET_NAME)";
				SWIFT_OBJC_BRIDGING_HEADER = "";
				TEST_HOST = "$(BUILT_PRODUCTS_DIR)/InventoryManagement.app/InventoryManagement";
			};
			name = Debug;
		};
		F752E1111CF4723D00318084 /* Release */ = {
			isa = XCBuildConfiguration;
			buildSettings = {
				BUNDLE_LOADER = "$(TEST_HOST)";
				DEFINES_MODULE = NO;
				GCC_GENERATE_TEST_COVERAGE_FILES = NO;
				INFOPLIST_FILE = InventoryManagementTests/Info.plist;
				LD_RUNPATH_SEARCH_PATHS = "$(inherited) @executable_path/Frameworks @loader_path/Frameworks";
				PRODUCT_BUNDLE_IDENTIFIER = com.impetus.transility.InventoryManagementTests;
				PRODUCT_NAME = "$(TARGET_NAME)";
				SWIFT_OBJC_BRIDGING_HEADER = "";
				TEST_HOST = "$(BUILT_PRODUCTS_DIR)/InventoryManagement.app/InventoryManagement";
			};
			name = Release;
		};
		F752E1131CF4723D00318084 /* Debug */ = {
			isa = XCBuildConfiguration;
			buildSettings = {
				DEFINES_MODULE = NO;
				INFOPLIST_FILE = InventoryManagementUITests/Info.plist;
				LD_RUNPATH_SEARCH_PATHS = "$(inherited) @executable_path/Frameworks @loader_path/Frameworks";
				PRODUCT_BUNDLE_IDENTIFIER = com.impetus.transility.InventoryManagementUITests;
				PRODUCT_NAME = "$(TARGET_NAME)";
				TEST_TARGET_NAME = InventoryManagement;
				USES_XCTRUNNER = YES;
			};
			name = Debug;
		};
		F752E1141CF4723D00318084 /* Release */ = {
			isa = XCBuildConfiguration;
			buildSettings = {
				DEFINES_MODULE = NO;
				INFOPLIST_FILE = InventoryManagementUITests/Info.plist;
				LD_RUNPATH_SEARCH_PATHS = "$(inherited) @executable_path/Frameworks @loader_path/Frameworks";
				PRODUCT_BUNDLE_IDENTIFIER = com.impetus.transility.InventoryManagementUITests;
				PRODUCT_NAME = "$(TARGET_NAME)";
				TEST_TARGET_NAME = InventoryManagement;
				USES_XCTRUNNER = YES;
			};
			name = Release;
		};
/* End XCBuildConfiguration section */

/* Begin XCConfigurationList section */
		F752E0DF1CF4723A00318084 /* Build configuration list for PBXProject "InventoryManagement" */ = {
			isa = XCConfigurationList;
			buildConfigurations = (
				F752E10A1CF4723D00318084 /* Debug */,
				F752E10B1CF4723D00318084 /* Release */,
			);
			defaultConfigurationIsVisible = 0;
			defaultConfigurationName = Release;
		};
		F752E10C1CF4723D00318084 /* Build configuration list for PBXNativeTarget "InventoryManagement" */ = {
			isa = XCConfigurationList;
			buildConfigurations = (
				F752E10D1CF4723D00318084 /* Debug */,
				F752E10E1CF4723D00318084 /* Release */,
			);
			defaultConfigurationIsVisible = 0;
			defaultConfigurationName = Release;
		};
		F752E10F1CF4723D00318084 /* Build configuration list for PBXNativeTarget "InventoryManagementTests" */ = {
			isa = XCConfigurationList;
			buildConfigurations = (
				F752E1101CF4723D00318084 /* Debug */,
				F752E1111CF4723D00318084 /* Release */,
			);
			defaultConfigurationIsVisible = 0;
			defaultConfigurationName = Release;
		};
		F752E1121CF4723D00318084 /* Build configuration list for PBXNativeTarget "InventoryManagementUITests" */ = {
			isa = XCConfigurationList;
			buildConfigurations = (
				F752E1131CF4723D00318084 /* Debug */,
				F752E1141CF4723D00318084 /* Release */,
			);
			defaultConfigurationIsVisible = 0;
			defaultConfigurationName = Release;
		};
/* End XCConfigurationList section */
	};
	rootObject = F752E0DC1CF4723A00318084 /* Project object */;
}
